Microsoft Visual Studio Solution File, Format Version 12.00
# Visual Studio Version 17
VisualStudioVersion = 17.5.2.0
MinimumVisualStudioVersion = 10.0.40219.1
Project("{FAE04EC0-301F-11D3-BF4B-00C04F79EFBC}") = "rock-paper-scissors", "rock-paper-scissors.csproj", "{F182DDA0-CE61-6049-8317-7548C4EEB1CE}"
EndProject
Global
	GlobalSection(SolutionConfigurationPlatforms) = preSolution
		Debug|Any CPU = Debug|Any CPU
		Release|Any CPU = Release|Any CPU
	EndGlobalSection
	GlobalSection(ProjectConfigurationPlatforms) = postSolution
		{F182DDA0-CE61-6049-8317-7548C4EEB1CE}.Debug|Any CPU.ActiveCfg = Debug|Any CPU
		{F182DDA0-CE61-6049-8317-7548C4EEB1CE}.Debug|Any CPU.Build.0 = Debug|Any CPU
		{F182DDA0-CE61-6049-8317-7548C4EEB1CE}.Release|Any CPU.ActiveCfg = Release|Any CPU
		{F182DDA0-CE61-6049-8317-7548C4EEB1CE}.Release|Any CPU.Build.0 = Release|Any CPU
	EndGlobalSection
	GlobalSection(SolutionProperties) = preSolution
		HideSolutionNode = FALSE
	EndGlobalSection
	GlobalSection(ExtensibilityGlobals) = postSolution
		SolutionGuid = {60984828-147E-4FDF-B3D3-FE34421614E7}
	EndGlobalSection
EndGlobal
